name: Bootstrap Composer lock

on:
  push:
    branches:
      - ci/dependency-integrity

permissions:
  contents: write

jobs:
  lock:
    name: Generate Composer lock
    runs-on: ubuntu-latest

    steps:
      - name: Checkout
        uses: actions/checkout@v4

      - name: Setup PHP
        uses: shivammathur/setup-php@v2
        with:
          php-version: '7.4'
          coverage: none
          tools: composer:v2

      - name: Generate lock file
        run: composer update --prefer-dist --no-interaction --no-progress

      - name: Validate generated lock
        run: composer validate --strict

      - name: Commit lock file
        shell: bash
        run: |
          test -f composer.lock
          git add composer.lock
          if git diff --cached --quiet; then
            echo "composer.lock is already up to date."
            exit 0
          fi
          git config user.name "github-actions[bot]"
          git config user.email "41898282+github-actions[bot]@users.noreply.github.com"
          git commit -m "build: add Composer lock"
          git push origin "HEAD:${GITHUB_REF_NAME}"
